
Microsoft Visual Studio Solution File, Format Version 12.00
# Visual Studio 15
VisualStudioVersion = 15.0.26730.12
MinimumVisualStudioVersion = 10.0.40219.1
Project("{9A19103F-16F7-4668-BE54-9A1E7A4F7556}") = "sonda", "sonda\sonda.csproj", "{04F76F54-6CD2-4051-BA8F-E01972885F97}"
EndProject
Project("{FAE04EC0-301F-11D3-BF4B-00C04F79EFBC}") = "ProjetoDePouso", "ProjetoDePouso\ProjetoDePouso.csproj", "{E960DC7F-3728-4570-8437-941E1CE5B045}"
EndProject
Global
	GlobalSection(SolutionConfigurationPlatforms) = preSolution
		Debug|Any CPU = Debug|Any CPU
		Release|Any CPU = Release|Any CPU
	EndGlobalSection
	GlobalSection(ProjectConfigurationPlatforms) = postSolution
		{04F76F54-6CD2-4051-BA8F-E01972885F97}.Debug|Any CPU.ActiveCfg = Debug|Any CPU
		{04F76F54-6CD2-4051-BA8F-E01972885F97}.Debug|Any CPU.Build.0 = Debug|Any CPU
		{04F76F54-6CD2-4051-BA8F-E01972885F97}.Release|Any CPU.ActiveCfg = Release|Any CPU
		{04F76F54-6CD2-4051-BA8F-E01972885F97}.Release|Any CPU.Build.0 = Release|Any CPU
		{E960DC7F-3728-4570-8437-941E1CE5B045}.Debug|Any CPU.ActiveCfg = Debug|Any CPU
		{E960DC7F-3728-4570-8437-941E1CE5B045}.Debug|Any CPU.Build.0 = Debug|Any CPU
		{E960DC7F-3728-4570-8437-941E1CE5B045}.Release|Any CPU.ActiveCfg = Release|Any CPU
		{E960DC7F-3728-4570-8437-941E1CE5B045}.Release|Any CPU.Build.0 = Release|Any CPU
	EndGlobalSection
	GlobalSection(SolutionProperties) = preSolution
		HideSolutionNode = FALSE
	EndGlobalSection
	GlobalSection(ExtensibilityGlobals) = postSolution
		SolutionGuid = {628ED6CF-B579-44CE-8E5C-2F2F5A674B49}
	EndGlobalSection
EndGlobal
